<?xml version="1.0" encoding="utf-8"?>
<Project ToolsVersion="4.0" xmlns="http://schemas.microsoft.com/developer/msbuild/2003">
  <ItemGroup>
    <Filter Include="Source Files">
      <UniqueIdentifier>{4FC737F1-C7A5-4376-A066-2A32D752A2FF}</UniqueIdentifier>
      <Extensions>cpp;c;cc;cxx;def;odl;idl;hpj;bat;asm;asmx</Extensions>
    </Filter>
    <Filter Include="Header Files">
      <UniqueIdentifier>{93995380-89BD-4b04-88EB-625FBE52EBFB}</UniqueIdentifier>
      <Extensions>h;hh;hpp;hxx;hm;inl;inc;xsd</Extensions>
    </Filter>
    <Filter Include="Header Files\Glew Header Files">
      <UniqueIdentifier>{2543a197-e2a4-488b-9e2f-3eb61392e682}</UniqueIdentifier>
    </Filter>
    <Filter Include="Header Files\MCF Header Files">
      <UniqueIdentifier>{0b1f4602-2467-4709-a17f-5c029f8c93db}</UniqueIdentifier>
    </Filter>
    <Filter Include="Header Files\Misc Header Files">
      <UniqueIdentifier>{1dae4d55-62a9-45a2-9d13-aca28a14f432}</UniqueIdentifier>
    </Filter>
    <Filter Include="Source Files\MCF Source Files">
      <UniqueIdentifier>{05ab2406-2d7e-4356-aad8-b2104b825c3a}</UniqueIdentifier>
    </Filter>
    <Filter Include="Misc Files">
      <UniqueIdentifier>{c083785f-320f-40aa-a30a-b0bb72d279cb}</UniqueIdentifier>
    </Filter>
    <Filter Include="Misc Files\Lib Files">
      <UniqueIdentifier>{8563e0a5-3445-42ee-9cdc-df0868255e4d}</UniqueIdentifier>
    </Filter>
    <Filter Include="Misc Files\Resource Files">
      <UniqueIdentifier>{67DA6AB6-F800-4c08-8B7A-83BB121AAD01}</UniqueIdentifier>
      <Extensions>rc;ico;cur;bmp;dlg;rc2;rct;bin;rgs;gif;jpg;jpeg;jpe;resx;tiff;tif;png;wav;mfcribbon-ms</Extensions>
    </Filter>
    <Filter Include="Source Files\Shaders Files">
      <UniqueIdentifier>{186c6550-e779-4865-ab53-1962052160be}</UniqueIdentifier>
    </Filter>
    <Filter Include="Source Files\Misc Source Files">
      <UniqueIdentifier>{33ae6998-3b85-49b1-93af-0bf5fa022650}</UniqueIdentifier>
    </Filter>
  </ItemGroup>
  <ItemGroup>
    <ClInclude Include="VoxelGame.h">
      <Filter>Header Files</Filter>
    </ClInclude>
    <ClInclude Include="math.h">
      <Filter>Header Files</Filter>
    </ClInclude>
    <ClInclude Include="RenderEngine.h">
      <Filter>Header Files</Filter>
    </ClInclude>
    <ClInclude Include="vec3.h">
      <Filter>Header Files</Filter>
    </ClInclude>
    <ClInclude Include="vec4.h">
      <Filter>Header Files</Filter>
    </ClInclude>
    <ClInclude Include="mat4.h">
      <Filter>Header Files</Filter>
    </ClInclude>
    <ClInclude Include="Texture.h">
      <Filter>Header Files</Filter>
    </ClInclude>
    <ClInclude Include="..\GL\GL.h">
      <Filter>Header Files\Glew Header Files</Filter>
    </ClInclude>
    <ClInclude Include="..\GL\glew.h">
      <Filter>Header Files\Glew Header Files</Filter>
    </ClInclude>
    <ClInclude Include="..\GL\GLU.h">
      <Filter>Header Files\Glew Header Files</Filter>
    </ClInclude>
    <ClInclude Include="..\GL\glxew.h">
      <Filter>Header Files\Glew Header Files</Filter>
    </ClInclude>
    <ClInclude Include="..\GL\wglew.h">
      <Filter>Header Files\Glew Header Files</Filter>
    </ClInclude>
    <ClInclude Include="stdafx.h">
      <Filter>Header Files\Misc Header Files</Filter>
    </ClInclude>
    <ClInclude Include="CAboutDlg.h">
      <Filter>Header Files\MCF Header Files</Filter>
    </ClInclude>
    <ClInclude Include="ChildView.h">
      <Filter>Header Files\MCF Header Files</Filter>
    </ClInclude>
    <ClInclude Include="MainFrm.h">
      <Filter>Header Files\MCF Header Files</Filter>
    </ClInclude>
    <ClInclude Include="Resource.h">
      <Filter>Header Files\MCF Header Files</Filter>
    </ClInclude>
    <ClInclude Include="targetver.h">
      <Filter>Header Files\Misc Header Files</Filter>
    </ClInclude>
    <ClInclude Include="Glyph.h">
      <Filter>Header Files</Filter>
    </ClInclude>
  </ItemGroup>
  <ItemGroup>
    <ClCompile Include="VoxelGame.cpp">
      <Filter>Source Files</Filter>
    </ClCompile>
    <ClCompile Include="math.cpp">
      <Filter>Source Files</Filter>
    </ClCompile>
    <ClCompile Include="RenderEngine.cpp">
      <Filter>Source Files</Filter>
    </ClCompile>
    <ClCompile Include="vec3.cpp">
      <Filter>Source Files</Filter>
    </ClCompile>
    <ClCompile Include="vec4.cpp">
      <Filter>Source Files</Filter>
    </ClCompile>
    <ClCompile Include="mat4.cpp">
      <Filter>Source Files</Filter>
    </ClCompile>
    <ClCompile Include="Texture.cpp">
      <Filter>Source Files</Filter>
    </ClCompile>
    <ClCompile Include="CAboutDlg.cpp">
      <Filter>Source Files\MCF Source Files</Filter>
    </ClCompile>
    <ClCompile Include="ChildView.cpp">
      <Filter>Source Files\MCF Source Files</Filter>
    </ClCompile>
    <ClCompile Include="MainFrm.cpp">
      <Filter>Source Files\MCF Source Files</Filter>
    </ClCompile>
    <ClCompile Include="stdafx.cpp">
      <Filter>Source Files\Misc Source Files</Filter>
    </ClCompile>
  </ItemGroup>
  <ItemGroup>
    <ResourceCompile Include="VoxelGame.rc">
      <Filter>Misc Files\Resource Files</Filter>
    </ResourceCompile>
  </ItemGroup>
  <ItemGroup>
    <None Include="res\VoxelGame.rc2">
      <Filter>Misc Files\Resource Files</Filter>
    </None>
    <None Include="..\shaders\ray_casting.fs">
      <Filter>Source Files\Shaders Files</Filter>
    </None>
    <None Include="..\shaders\ray_casting.vs">
      <Filter>Source Files\Shaders Files</Filter>
    </None>
    <None Include="..\shaders\texture_vr.fs">
      <Filter>Source Files\Shaders Files</Filter>
    </None>
    <None Include="..\shaders\texture_vr.vs">
      <Filter>Source Files\Shaders Files</Filter>
    </None>
    <None Include="..\.gitignore">
      <Filter>Misc Files</Filter>
    </None>
    <None Include="packages.config">
      <Filter>Misc Files</Filter>
    </None>
    <None Include="ClassDiagram.cd">
      <Filter>Misc Files</Filter>
    </None>
    <None Include="Settings.ini">
      <Filter>Misc Files</Filter>
    </None>
    <None Include="..\shaders\fixed.fs">
      <Filter>Source Files\Shaders Files</Filter>
    </None>
    <None Include="..\shaders\fixed.vs">
      <Filter>Source Files\Shaders Files</Filter>
    </None>
  </ItemGroup>
  <ItemGroup>
    <Image Include="res\VoxelGame.ico">
      <Filter>Misc Files\Resource Files</Filter>
    </Image>
    <Image Include="res\Toolbar.bmp">
      <Filter>Misc Files\Resource Files</Filter>
    </Image>
  </ItemGroup>
  <ItemGroup>
    <Library Include="glew32s.lib">
      <Filter>Misc Files\Lib Files</Filter>
    </Library>
    <Library Include="glew32.lib">
      <Filter>Misc Files\Lib Files</Filter>
    </Library>
  </ItemGroup>
  <ItemGroup>
    <Text Include="ReadMe.txt">
      <Filter>Misc Files</Filter>
    </Text>
  </ItemGroup>
</Project>